// !$*UTF8*$!
{
	archiveVersion = 1;
	classes = {
	};
	objectVersion = 56;
	objects = {

/* Begin PBXBuildFile section */
		CE31AADC2BE533BE00AFFBBA /* AppDelegate.swift in Sources */ = {isa = PBXBuildFile; fileRef = CE31AADB2BE533BE00AFFBBA /* AppDelegate.swift */; };
		CE31AADE2BE533BE00AFFBBA /* SceneDelegate.swift in Sources */ = {isa = PBXBuildFile; fileRef = CE31AADD2BE533BE00AFFBBA /* SceneDelegate.swift */; };
		CE31AAE52BE533CA00AFFBBA /* Assets.xcassets in Resources */ = {isa = PBXBuildFile; fileRef = CE31AAE42BE533CA00AFFBBA /* Assets.xcassets */; };
		CE31AAE82BE533CA00AFFBBA /* LaunchScreen.storyboard in Resources */ = {isa = PBXBuildFile; fileRef = CE31AAE62BE533CA00AFFBBA /* LaunchScreen.storyboard */; };
		CE31AAF02BE5356800AFFBBA /* LaunchViewController.swift in Sources */ = {isa = PBXBuildFile; fileRef = CE31AAEF2BE5356800AFFBBA /* LaunchViewController.swift */; };
		CEA55D182BE94DD30027247A /* CardCell.swift in Sources */ = {isa = PBXBuildFile; fileRef = CEA55D172BE94DD30027247A /* CardCell.swift */; };
		CEA55D1A2BE95F280027247A /* UILabel+Extensions.swift in Sources */ = {isa = PBXBuildFile; fileRef = CEA55D192BE95F280027247A /* UILabel+Extensions.swift */; };
		CEA55D1D2BE9634B0027247A /* Animator.swift in Sources */ = {isa = PBXBuildFile; fileRef = CEA55D1C2BE9634B0027247A /* Animator.swift */; };
		CEA55D1F2BE966D40027247A /* UIView+Extensions.swift in Sources */ = {isa = PBXBuildFile; fileRef = CEA55D1E2BE966D40027247A /* UIView+Extensions.swift */; };
		CEA55D212BE96A1F0027247A /* UIButton+Extensions.swift in Sources */ = {isa = PBXBuildFile; fileRef = CEA55D202BE96A1F0027247A /* UIButton+Extensions.swift */; };
		CEA55D232BEA44580027247A /* UIStackView+Extensions.swift in Sources */ = {isa = PBXBuildFile; fileRef = CEA55D222BEA44580027247A /* UIStackView+Extensions.swift */; };
		CEA55D252BEA45680027247A /* HorizontalStackView.swift in Sources */ = {isa = PBXBuildFile; fileRef = CEA55D242BEA45670027247A /* HorizontalStackView.swift */; };
		CEA55D272BEA4B030027247A /* CardsCollectionView.swift in Sources */ = {isa = PBXBuildFile; fileRef = CEA55D262BEA4B030027247A /* CardsCollectionView.swift */; };
		CEA55D292BEA5A080027247A /* GameViewController+CollectionView.swift in Sources */ = {isa = PBXBuildFile; fileRef = CEA55D282BEA5A080027247A /* GameViewController+CollectionView.swift */; };
		CEA55D2B2BEA5C7A0027247A /* GameViewController+Extensions.swift in Sources */ = {isa = PBXBuildFile; fileRef = CEA55D2A2BEA5C7A0027247A /* GameViewController+Extensions.swift */; };
		CEA55D2D2BEA6F430027247A /* SettingsView.swift in Sources */ = {isa = PBXBuildFile; fileRef = CEA55D2C2BEA6F430027247A /* SettingsView.swift */; };
		CEA55D2F2BEA80C20027247A /* GameViewModel.swift in Sources */ = {isa = PBXBuildFile; fileRef = CEA55D2E2BEA80C20027247A /* GameViewModel.swift */; };
		CEA55D322BEA81000027247A /* GameCard.swift in Sources */ = {isa = PBXBuildFile; fileRef = CEA55D312BEA81000027247A /* GameCard.swift */; };
		CEA55D342BEA83970027247A /* GameService.swift in Sources */ = {isa = PBXBuildFile; fileRef = CEA55D332BEA83970027247A /* GameService.swift */; };
		CEA55D362BEB9E600027247A /* YouWinView.swift in Sources */ = {isa = PBXBuildFile; fileRef = CEA55D352BEB9E600027247A /* YouWinView.swift */; };
		CEA55D382BEBCEAF0027247A /* GameViewController+Delegates.swift in Sources */ = {isa = PBXBuildFile; fileRef = CEA55D372BEBCEAE0027247A /* GameViewController+Delegates.swift */; };
		CEB056102BE917AB001F3F89 /* MenuViewController.swift in Sources */ = {isa = PBXBuildFile; fileRef = CEB0560F2BE917AB001F3F89 /* MenuViewController.swift */; };
		CEB056172BE91A95001F3F89 /* UIImageView+Extensions.swift in Sources */ = {isa = PBXBuildFile; fileRef = CEB056162BE91A95001F3F89 /* UIImageView+Extensions.swift */; };
		CEB0561A2BE92B12001F3F89 /* GameViewController.swift in Sources */ = {isa = PBXBuildFile; fileRef = CEB056192BE92B12001F3F89 /* GameViewController.swift */; };
/* End PBXBuildFile section */

/* Begin PBXFileReference section */
		CE31AAD82BE533BE00AFFBBA /* Memory match.app */ = {isa = PBXFileReference; explicitFileType = wrapper.application; includeInIndex = 0; path = "Memory match.app"; sourceTree = BUILT_PRODUCTS_DIR; };
		CE31AADB2BE533BE00AFFBBA /* AppDelegate.swift */ = {isa = PBXFileReference; lastKnownFileType = sourcecode.swift; path = AppDelegate.swift; sourceTree = "<group>"; };
		CE31AADD2BE533BE00AFFBBA /* SceneDelegate.swift */ = {isa = PBXFileReference; lastKnownFileType = sourcecode.swift; path = SceneDelegate.swift; sourceTree = "<group>"; };
		CE31AAE42BE533CA00AFFBBA /* Assets.xcassets */ = {isa = PBXFileReference; lastKnownFileType = folder.assetcatalog; path = Assets.xcassets; sourceTree = "<group>"; };
		CE31AAE72BE533CA00AFFBBA /* Base */ = {isa = PBXFileReference; lastKnownFileType = file.storyboard; name = Base; path = Base.lproj/LaunchScreen.storyboard; sourceTree = "<group>"; };
		CE31AAE92BE533CA00AFFBBA /* Info.plist */ = {isa = PBXFileReference; lastKnownFileType = text.plist.xml; path = Info.plist; sourceTree = "<group>"; };
		CE31AAEF2BE5356800AFFBBA /* LaunchViewController.swift */ = {isa = PBXFileReference; lastKnownFileType = sourcecode.swift; path = LaunchViewController.swift; sourceTree = "<group>"; };
		CEA55D172BE94DD30027247A /* CardCell.swift */ = {isa = PBXFileReference; lastKnownFileType = sourcecode.swift; path = CardCell.swift; sourceTree = "<group>"; };
		CEA55D192BE95F280027247A /* UILabel+Extensions.swift */ = {isa = PBXFileReference; lastKnownFileType = sourcecode.swift; path = "UILabel+Extensions.swift"; sourceTree = "<group>"; };
		CEA55D1C2BE9634B0027247A /* Animator.swift */ = {isa = PBXFileReference; lastKnownFileType = sourcecode.swift; path = Animator.swift; sourceTree = "<group>"; };
		CEA55D1E2BE966D40027247A /* UIView+Extensions.swift */ = {isa = PBXFileReference; lastKnownFileType = sourcecode.swift; path = "UIView+Extensions.swift"; sourceTree = "<group>"; };
		CEA55D202BE96A1F0027247A /* UIButton+Extensions.swift */ = {isa = PBXFileReference; lastKnownFileType = sourcecode.swift; path = "UIButton+Extensions.swift"; sourceTree = "<group>"; };
		CEA55D222BEA44580027247A /* UIStackView+Extensions.swift */ = {isa = PBXFileReference; lastKnownFileType = sourcecode.swift; path = "UIStackView+Extensions.swift"; sourceTree = "<group>"; };
		CEA55D242BEA45670027247A /* HorizontalStackView.swift */ = {isa = PBXFileReference; lastKnownFileType = sourcecode.swift; path = HorizontalStackView.swift; sourceTree = "<group>"; };
		CEA55D262BEA4B030027247A /* CardsCollectionView.swift */ = {isa = PBXFileReference; lastKnownFileType = sourcecode.swift; path = CardsCollectionView.swift; sourceTree = "<group>"; };
		CEA55D282BEA5A080027247A /* GameViewController+CollectionView.swift */ = {isa = PBXFileReference; lastKnownFileType = sourcecode.swift; path = "GameViewController+CollectionView.swift"; sourceTree = "<group>"; };
		CEA55D2A2BEA5C7A0027247A /* GameViewController+Extensions.swift */ = {isa = PBXFileReference; lastKnownFileType = sourcecode.swift; path = "GameViewController+Extensions.swift"; sourceTree = "<group>"; };
		CEA55D2C2BEA6F430027247A /* SettingsView.swift */ = {isa = PBXFileReference; lastKnownFileType = sourcecode.swift; path = SettingsView.swift; sourceTree = "<group>"; };
		CEA55D2E2BEA80C20027247A /* GameViewModel.swift */ = {isa = PBXFileReference; lastKnownFileType = sourcecode.swift; path = GameViewModel.swift; sourceTree = "<group>"; };
		CEA55D312BEA81000027247A /* GameCard.swift */ = {isa = PBXFileReference; lastKnownFileType = sourcecode.swift; path = GameCard.swift; sourceTree = "<group>"; };
		CEA55D332BEA83970027247A /* GameService.swift */ = {isa = PBXFileReference; lastKnownFileType = sourcecode.swift; path = GameService.swift; sourceTree = "<group>"; };
		CEA55D352BEB9E600027247A /* YouWinView.swift */ = {isa = PBXFileReference; lastKnownFileType = sourcecode.swift; path = YouWinView.swift; sourceTree = "<group>"; };
		CEA55D372BEBCEAE0027247A /* GameViewController+Delegates.swift */ = {isa = PBXFileReference; lastKnownFileType = sourcecode.swift; path = "GameViewController+Delegates.swift"; sourceTree = "<group>"; };
		CEB0560F2BE917AB001F3F89 /* MenuViewController.swift */ = {isa = PBXFileReference; lastKnownFileType = sourcecode.swift; path = MenuViewController.swift; sourceTree = "<group>"; };
		CEB056162BE91A95001F3F89 /* UIImageView+Extensions.swift */ = {isa = PBXFileReference; lastKnownFileType = sourcecode.swift; path = "UIImageView+Extensions.swift"; sourceTree = "<group>"; };
		CEB056192BE92B12001F3F89 /* GameViewController.swift */ = {isa = PBXFileReference; lastKnownFileType = sourcecode.swift; path = GameViewController.swift; sourceTree = "<group>"; };
/* End PBXFileReference section */

/* Begin PBXFrameworksBuildPhase section */
		CE31AAD52BE533BE00AFFBBA /* Frameworks */ = {
			isa = PBXFrameworksBuildPhase;
			buildActionMask = 2147483647;
			files = (
			);
			runOnlyForDeploymentPostprocessing = 0;
		};
/* End PBXFrameworksBuildPhase section */

/* Begin PBXGroup section */
		CE31AACF2BE533BE00AFFBBA = {
			isa = PBXGroup;
			children = (
				CE31AADA2BE533BE00AFFBBA /* Memory match */,
				CE31AAD92BE533BE00AFFBBA /* Products */,
			);
			sourceTree = "<group>";
		};
		CE31AAD92BE533BE00AFFBBA /* Products */ = {
			isa = PBXGroup;
			children = (
				CE31AAD82BE533BE00AFFBBA /* Memory match.app */,
			);
			name = Products;
			sourceTree = "<group>";
		};
		CE31AADA2BE533BE00AFFBBA /* Memory match */ = {
			isa = PBXGroup;
			children = (
				CEB0560D2BE908EB001F3F89 /* AppCycleDelegates */,
				CEA55D1B2BE9632C0027247A /* Helpers */,
				CEB056122BE9187B001F3F89 /* CustomViews */,
				CEB0560C2BE907CF001F3F89 /* Extensions */,
				CEA55D302BEA80E10027247A /* Model */,
				CEB0560E2BE90920001F3F89 /* LaunchModule */,
				CEB056112BE917B6001F3F89 /* MenuModule */,
				CEB056182BE92A8D001F3F89 /* GameModule */,
				CEB056132BE91881001F3F89 /* Resources */,
				CE31AAE62BE533CA00AFFBBA /* LaunchScreen.storyboard */,
				CE31AAE92BE533CA00AFFBBA /* Info.plist */,
			);
			path = "Memory match";
			sourceTree = "<group>";
		};
		CEA55D1B2BE9632C0027247A /* Helpers */ = {
			isa = PBXGroup;
			children = (
				CEA55D1C2BE9634B0027247A /* Animator.swift */,
				CEA55D332BEA83970027247A /* GameService.swift */,
			);
			path = Helpers;
			sourceTree = "<group>";
		};
		CEA55D302BEA80E10027247A /* Model */ = {
			isa = PBXGroup;
			children = (
				CEA55D312BEA81000027247A /* GameCard.swift */,
			);
			path = Model;
			sourceTree = "<group>";
		};
		CEB0560C2BE907CF001F3F89 /* Extensions */ = {
			isa = PBXGroup;
			children = (
				CEB056162BE91A95001F3F89 /* UIImageView+Extensions.swift */,
				CEA55D1E2BE966D40027247A /* UIView+Extensions.swift */,
				CEA55D192BE95F280027247A /* UILabel+Extensions.swift */,
				CEA55D202BE96A1F0027247A /* UIButton+Extensions.swift */,
				CEA55D222BEA44580027247A /* UIStackView+Extensions.swift */,
			);
			path = Extensions;
			sourceTree = "<group>";
		};
		CEB0560D2BE908EB001F3F89 /* AppCycleDelegates */ = {
			isa = PBXGroup;
			children = (
				CE31AADB2BE533BE00AFFBBA /* AppDelegate.swift */,
				CE31AADD2BE533BE00AFFBBA /* SceneDelegate.swift */,
			);
			path = AppCycleDelegates;
			sourceTree = "<group>";
		};
		CEB0560E2BE90920001F3F89 /* LaunchModule */ = {
			isa = PBXGroup;
			children = (
				CE31AAEF2BE5356800AFFBBA /* LaunchViewController.swift */,
			);
			path = LaunchModule;
			sourceTree = "<group>";
		};
		CEB056112BE917B6001F3F89 /* MenuModule */ = {
			isa = PBXGroup;
			children = (
				CEB0560F2BE917AB001F3F89 /* MenuViewController.swift */,
			);
			path = MenuModule;
			sourceTree = "<group>";
		};
		CEB056122BE9187B001F3F89 /* CustomViews */ = {
			isa = PBXGroup;
			children = (
				CEA55D242BEA45670027247A /* HorizontalStackView.swift */,
				CEA55D262BEA4B030027247A /* CardsCollectionView.swift */,
			);
			path = CustomViews;
			sourceTree = "<group>";
		};
		CEB056132BE91881001F3F89 /* Resources */ = {
			isa = PBXGroup;
			children = (
				CE31AAE42BE533CA00AFFBBA /* Assets.xcassets */,
			);
			path = Resources;
			sourceTree = "<group>";
		};
		CEB056182BE92A8D001F3F89 /* GameModule */ = {
			isa = PBXGroup;
			children = (
				CEB056192BE92B12001F3F89 /* GameViewController.swift */,
				CEA55D282BEA5A080027247A /* GameViewController+CollectionView.swift */,
				CEA55D2A2BEA5C7A0027247A /* GameViewController+Extensions.swift */,
				CEA55D372BEBCEAE0027247A /* GameViewController+Delegates.swift */,
				CEA55D172BE94DD30027247A /* CardCell.swift */,
				CEA55D2C2BEA6F430027247A /* SettingsView.swift */,
				CEA55D352BEB9E600027247A /* YouWinView.swift */,
				CEA55D2E2BEA80C20027247A /* GameViewModel.swift */,
			);
			path = GameModule;
			sourceTree = "<group>";
		};
/* End PBXGroup section */

/* Begin PBXNativeTarget section */
		CE31AAD72BE533BE00AFFBBA /* Memory match */ = {
			isa = PBXNativeTarget;
			buildConfigurationList = CE31AAEC2BE533CA00AFFBBA /* Build configuration list for PBXNativeTarget "Memory match" */;
			buildPhases = (
				CE31AAD42BE533BE00AFFBBA /* Sources */,
				CE31AAD52BE533BE00AFFBBA /* Frameworks */,
				CE31AAD62BE533BE00AFFBBA /* Resources */,
			);
			buildRules = (
			);
			dependencies = (
			);
			name = "Memory match";
			productName = "Memory match";
			productReference = CE31AAD82BE533BE00AFFBBA /* Memory match.app */;
			productType = "com.apple.product-type.application";
		};
/* End PBXNativeTarget section */

/* Begin PBXProject section */
		CE31AAD02BE533BE00AFFBBA /* Project object */ = {
			isa = PBXProject;
			attributes = {
				BuildIndependentTargetsInParallel = 1;
				LastSwiftUpdateCheck = 1520;
				LastUpgradeCheck = 1520;
				TargetAttributes = {
					CE31AAD72BE533BE00AFFBBA = {
						CreatedOnToolsVersion = 15.2;
					};
				};
			};
			buildConfigurationList = CE31AAD32BE533BE00AFFBBA /* Build configuration list for PBXProject "Memory match" */;
			compatibilityVersion = "Xcode 14.0";
			developmentRegion = en;
			hasScannedForEncodings = 0;
			knownRegions = (
				en,
				Base,
			);
			mainGroup = CE31AACF2BE533BE00AFFBBA;
			productRefGroup = CE31AAD92BE533BE00AFFBBA /* Products */;
			projectDirPath = "";
			projectRoot = "";
			targets = (
				CE31AAD72BE533BE00AFFBBA /* Memory match */,
			);
		};
/* End PBXProject section */

/* Begin PBXResourcesBuildPhase section */
		CE31AAD62BE533BE00AFFBBA /* Resources */ = {
			isa = PBXResourcesBuildPhase;
			buildActionMask = 2147483647;
			files = (
				CE31AAE82BE533CA00AFFBBA /* LaunchScreen.storyboard in Resources */,
				CE31AAE52BE533CA00AFFBBA /* Assets.xcassets in Resources */,
			);
			runOnlyForDeploymentPostprocessing = 0;
		};
/* End PBXResourcesBuildPhase section */

/* Begin PBXSourcesBuildPhase section */
		CE31AAD42BE533BE00AFFBBA /* Sources */ = {
			isa = PBXSourcesBuildPhase;
			buildActionMask = 2147483647;
			files = (
				CEA55D2F2BEA80C20027247A /* GameViewModel.swift in Sources */,
				CEA55D272BEA4B030027247A /* CardsCollectionView.swift in Sources */,
				CEA55D1A2BE95F280027247A /* UILabel+Extensions.swift in Sources */,
				CEA55D2B2BEA5C7A0027247A /* GameViewController+Extensions.swift in Sources */,
				CEA55D182BE94DD30027247A /* CardCell.swift in Sources */,
				CEA55D1F2BE966D40027247A /* UIView+Extensions.swift in Sources */,
				CEA55D212BE96A1F0027247A /* UIButton+Extensions.swift in Sources */,
				CEA55D342BEA83970027247A /* GameService.swift in Sources */,
				CEA55D322BEA81000027247A /* GameCard.swift in Sources */,
				CEB056172BE91A95001F3F89 /* UIImageView+Extensions.swift in Sources */,
				CE31AADC2BE533BE00AFFBBA /* AppDelegate.swift in Sources */,
				CE31AAF02BE5356800AFFBBA /* LaunchViewController.swift in Sources */,
				CEB056102BE917AB001F3F89 /* MenuViewController.swift in Sources */,
				CEA55D1D2BE9634B0027247A /* Animator.swift in Sources */,
				CEA55D292BEA5A080027247A /* GameViewController+CollectionView.swift in Sources */,
				CEA55D362BEB9E600027247A /* YouWinView.swift in Sources */,
				CEA55D2D2BEA6F430027247A /* SettingsView.swift in Sources */,
				CEA55D382BEBCEAF0027247A /* GameViewController+Delegates.swift in Sources */,
				CEA55D232BEA44580027247A /* UIStackView+Extensions.swift in Sources */,
				CEA55D252BEA45680027247A /* HorizontalStackView.swift in Sources */,
				CEB0561A2BE92B12001F3F89 /* GameViewController.swift in Sources */,
				CE31AADE2BE533BE00AFFBBA /* SceneDelegate.swift in Sources */,
			);
			runOnlyForDeploymentPostprocessing = 0;
		};
/* End PBXSourcesBuildPhase section */

/* Begin PBXVariantGroup section */
		CE31AAE62BE533CA00AFFBBA /* LaunchScreen.storyboard */ = {
			isa = PBXVariantGroup;
			children = (
				CE31AAE72BE533CA00AFFBBA /* Base */,
			);
			name = LaunchScreen.storyboard;
			sourceTree = "<group>";
		};
/* End PBXVariantGroup section */

/* Begin XCBuildConfiguration section */
		CE31AAEA2BE533CA00AFFBBA /* Debug */ = {
			isa = XCBuildConfiguration;
			buildSettings = {
				ALWAYS_SEARCH_USER_PATHS = NO;
				ASSETCATALOG_COMPILER_GENERATE_SWIFT_ASSET_SYMBOL_EXTENSIONS = YES;
				CLANG_ANALYZER_NONNULL = YES;
				CLANG_ANALYZER_NUMBER_OBJECT_CONVERSION = YES_AGGRESSIVE;
				CLANG_CXX_LANGUAGE_STANDARD = "gnu++20";
				CLANG_ENABLE_MODULES = YES;
				CLANG_ENABLE_OBJC_ARC = YES;
				CLANG_ENABLE_OBJC_WEAK = YES;
				CLANG_WARN_BLOCK_CAPTURE_AUTORELEASING = YES;
				CLANG_WARN_BOOL_CONVERSION = YES;
				CLANG_WARN_COMMA = YES;
				CLANG_WARN_CONSTANT_CONVERSION = YES;
				CLANG_WARN_DEPRECATED_OBJC_IMPLEMENTATIONS = YES;
				CLANG_WARN_DIRECT_OBJC_ISA_USAGE = YES_ERROR;
				CLANG_WARN_DOCUMENTATION_COMMENTS = YES;
				CLANG_WARN_EMPTY_BODY = YES;
				CLANG_WARN_ENUM_CONVERSION = YES;
				CLANG_WARN_INFINITE_RECURSION = YES;
				CLANG_WARN_INT_CONVERSION = YES;
				CLANG_WARN_NON_LITERAL_NULL_CONVERSION = YES;
				CLANG_WARN_OBJC_IMPLICIT_RETAIN_SELF = YES;
				CLANG_WARN_OBJC_LITERAL_CONVERSION = YES;
				CLANG_WARN_OBJC_ROOT_CLASS = YES_ERROR;
				CLANG_WARN_QUOTED_INCLUDE_IN_FRAMEWORK_HEADER = YES;
				CLANG_WARN_RANGE_LOOP_ANALYSIS = YES;
				CLANG_WARN_STRICT_PROTOTYPES = YES;
				CLANG_WARN_SUSPICIOUS_MOVE = YES;
				CLANG_WARN_UNGUARDED_AVAILABILITY = YES_AGGRESSIVE;
				CLANG_WARN_UNREACHABLE_CODE = YES;
				CLANG_WARN__DUPLICATE_METHOD_MATCH = YES;
				COPY_PHASE_STRIP = NO;
				DEBUG_INFORMATION_FORMAT = dwarf;
				ENABLE_STRICT_OBJC_MSGSEND = YES;
				ENABLE_TESTABILITY = YES;
				ENABLE_USER_SCRIPT_SANDBOXING = YES;
				GCC_C_LANGUAGE_STANDARD = gnu17;
				GCC_DYNAMIC_NO_PIC = NO;
				GCC_NO_COMMON_BLOCKS = YES;
				GCC_OPTIMIZATION_LEVEL = 0;
				GCC_PREPROCESSOR_DEFINITIONS = (
					"DEBUG=1",
					"$(inherited)",
				);
				GCC_WARN_64_TO_32_BIT_CONVERSION = YES;
				GCC_WARN_ABOUT_RETURN_TYPE = YES_ERROR;
				GCC_WARN_UNDECLARED_SELECTOR = YES;
				GCC_WARN_UNINITIALIZED_AUTOS = YES_AGGRESSIVE;
				GCC_WARN_UNUSED_FUNCTION = YES;
				GCC_WARN_UNUSED_VARIABLE = YES;
				IPHONEOS_DEPLOYMENT_TARGET = 17.2;
				LOCALIZATION_PREFERS_STRING_CATALOGS = YES;
				MTL_ENABLE_DEBUG_INFO = INCLUDE_SOURCE;
				MTL_FAST_MATH = YES;
				ONLY_ACTIVE_ARCH = YES;
				SDKROOT = iphoneos;
				SWIFT_ACTIVE_COMPILATION_CONDITIONS = "DEBUG $(inherited)";
				SWIFT_OPTIMIZATION_LEVEL = "-Onone";
			};
			name = Debug;
		};
		CE31AAEB2BE533CA00AFFBBA /* Release */ = {
			isa = XCBuildConfiguration;
			buildSettings = {
				ALWAYS_SEARCH_USER_PATHS = NO;
				ASSETCATALOG_COMPILER_GENERATE_SWIFT_ASSET_SYMBOL_EXTENSIONS = YES;
				CLANG_ANALYZER_NONNULL = YES;
				CLANG_ANALYZER_NUMBER_OBJECT_CONVERSION = YES_AGGRESSIVE;
				CLANG_CXX_LANGUAGE_STANDARD = "gnu++20";
				CLANG_ENABLE_MODULES = YES;
				CLANG_ENABLE_OBJC_ARC = YES;
				CLANG_ENABLE_OBJC_WEAK = YES;
				CLANG_WARN_BLOCK_CAPTURE_AUTORELEASING = YES;
				CLANG_WARN_BOOL_CONVERSION = YES;
				CLANG_WARN_COMMA = YES;
				CLANG_WARN_CONSTANT_CONVERSION = YES;
				CLANG_WARN_DEPRECATED_OBJC_IMPLEMENTATIONS = YES;
				CLANG_WARN_DIRECT_OBJC_ISA_USAGE = YES_ERROR;
				CLANG_WARN_DOCUMENTATION_COMMENTS = YES;
				CLANG_WARN_EMPTY_BODY = YES;
				CLANG_WARN_ENUM_CONVERSION = YES;
				CLANG_WARN_INFINITE_RECURSION = YES;
				CLANG_WARN_INT_CONVERSION = YES;
				CLANG_WARN_NON_LITERAL_NULL_CONVERSION = YES;
				CLANG_WARN_OBJC_IMPLICIT_RETAIN_SELF = YES;
				CLANG_WARN_OBJC_LITERAL_CONVERSION = YES;
				CLANG_WARN_OBJC_ROOT_CLASS = YES_ERROR;
				CLANG_WARN_QUOTED_INCLUDE_IN_FRAMEWORK_HEADER = YES;
				CLANG_WARN_RANGE_LOOP_ANALYSIS = YES;
				CLANG_WARN_STRICT_PROTOTYPES = YES;
				CLANG_WARN_SUSPICIOUS_MOVE = YES;
				CLANG_WARN_UNGUARDED_AVAILABILITY = YES_AGGRESSIVE;
				CLANG_WARN_UNREACHABLE_CODE = YES;
				CLANG_WARN__DUPLICATE_METHOD_MATCH = YES;
				COPY_PHASE_STRIP = NO;
				DEBUG_INFORMATION_FORMAT = "dwarf-with-dsym";
				ENABLE_NS_ASSERTIONS = NO;
				ENABLE_STRICT_OBJC_MSGSEND = YES;
				ENABLE_USER_SCRIPT_SANDBOXING = YES;
				GCC_C_LANGUAGE_STANDARD = gnu17;
				GCC_NO_COMMON_BLOCKS = YES;
				GCC_WARN_64_TO_32_BIT_CONVERSION = YES;
				GCC_WARN_ABOUT_RETURN_TYPE = YES_ERROR;
				GCC_WARN_UNDECLARED_SELECTOR = YES;
				GCC_WARN_UNINITIALIZED_AUTOS = YES_AGGRESSIVE;
				GCC_WARN_UNUSED_FUNCTION = YES;
				GCC_WARN_UNUSED_VARIABLE = YES;
				IPHONEOS_DEPLOYMENT_TARGET = 17.2;
				LOCALIZATION_PREFERS_STRING_CATALOGS = YES;
				MTL_ENABLE_DEBUG_INFO = NO;
				MTL_FAST_MATH = YES;
				SDKROOT = iphoneos;
				SWIFT_COMPILATION_MODE = wholemodule;
				VALIDATE_PRODUCT = YES;
			};
			name = Release;
		};
		CE31AAED2BE533CA00AFFBBA /* Debug */ = {
			isa = XCBuildConfiguration;
			buildSettings = {
				ASSETCATALOG_COMPILER_APPICON_NAME = AppIcon;
				ASSETCATALOG_COMPILER_GLOBAL_ACCENT_COLOR_NAME = AccentColor;
				CODE_SIGN_STYLE = Automatic;
				CURRENT_PROJECT_VERSION = 1;
				DEVELOPMENT_TEAM = TWWBX6RB4S;
				GENERATE_INFOPLIST_FILE = YES;
				INFOPLIST_FILE = "Memory match/Info.plist";
				INFOPLIST_KEY_LSApplicationCategoryType = "public.app-category.games";
				INFOPLIST_KEY_UIApplicationSupportsIndirectInputEvents = YES;
				INFOPLIST_KEY_UILaunchStoryboardName = LaunchScreen;
				INFOPLIST_KEY_UISupportedInterfaceOrientations = UIInterfaceOrientationPortrait;
				INFOPLIST_KEY_UISupportedInterfaceOrientations_iPad = "UIInterfaceOrientationLandscapeLeft UIInterfaceOrientationLandscapeRight UIInterfaceOrientationPortrait UIInterfaceOrientationPortraitUpsideDown";
				IPHONEOS_DEPLOYMENT_TARGET = 16.0;
				LD_RUNPATH_SEARCH_PATHS = (
					"$(inherited)",
					"@executable_path/Frameworks",
				);
				MARKETING_VERSION = 1.0;
				PRODUCT_BUNDLE_IDENTIFIER = "com.markKovalchuk.Memory-match";
				PRODUCT_NAME = "$(TARGET_NAME)";
				SUPPORTED_PLATFORMS = "iphoneos iphonesimulator";
				SUPPORTS_MACCATALYST = NO;
				SUPPORTS_MAC_DESIGNED_FOR_IPHONE_IPAD = NO;
				SUPPORTS_XR_DESIGNED_FOR_IPHONE_IPAD = NO;
				SWIFT_EMIT_LOC_STRINGS = YES;
				SWIFT_VERSION = 5.0;
				TARGETED_DEVICE_FAMILY = 1;
			};
			name = Debug;
		};
		CE31AAEE2BE533CA00AFFBBA /* Release */ = {
			isa = XCBuildConfiguration;
			buildSettings = {
				ASSETCATALOG_COMPILER_APPICON_NAME = AppIcon;
				ASSETCATALOG_COMPILER_GLOBAL_ACCENT_COLOR_NAME = AccentColor;
				CODE_SIGN_STYLE = Automatic;
				CURRENT_PROJECT_VERSION = 1;
				DEVELOPMENT_TEAM = TWWBX6RB4S;
				GENERATE_INFOPLIST_FILE = YES;
				INFOPLIST_FILE = "Memory match/Info.plist";
				INFOPLIST_KEY_LSApplicationCategoryType = "public.app-category.games";
				INFOPLIST_KEY_UIApplicationSupportsIndirectInputEvents = YES;
				INFOPLIST_KEY_UILaunchStoryboardName = LaunchScreen;
				INFOPLIST_KEY_UISupportedInterfaceOrientations = UIInterfaceOrientationPortrait;
				INFOPLIST_KEY_UISupportedInterfaceOrientations_iPad = "UIInterfaceOrientationLandscapeLeft UIInterfaceOrientationLandscapeRight UIInterfaceOrientationPortrait UIInterfaceOrientationPortraitUpsideDown";
				IPHONEOS_DEPLOYMENT_TARGET = 16.0;
				LD_RUNPATH_SEARCH_PATHS = (
					"$(inherited)",
					"@executable_path/Frameworks",
				);
				MARKETING_VERSION = 1.0;
				PRODUCT_BUNDLE_IDENTIFIER = "com.markKovalchuk.Memory-match";
				PRODUCT_NAME = "$(TARGET_NAME)";
				SUPPORTED_PLATFORMS = "iphoneos iphonesimulator";
				SUPPORTS_MACCATALYST = NO;
				SUPPORTS_MAC_DESIGNED_FOR_IPHONE_IPAD = NO;
				SUPPORTS_XR_DESIGNED_FOR_IPHONE_IPAD = NO;
				SWIFT_EMIT_LOC_STRINGS = YES;
				SWIFT_VERSION = 5.0;
				TARGETED_DEVICE_FAMILY = 1;
			};
			name = Release;
		};
/* End XCBuildConfiguration section */

/* Begin XCConfigurationList section */
		CE31AAD32BE533BE00AFFBBA /* Build configuration list for PBXProject "Memory match" */ = {
			isa = XCConfigurationList;
			buildConfigurations = (
				CE31AAEA2BE533CA00AFFBBA /* Debug */,
				CE31AAEB2BE533CA00AFFBBA /* Release */,
			);
			defaultConfigurationIsVisible = 0;
			defaultConfigurationName = Release;
		};
		CE31AAEC2BE533CA00AFFBBA /* Build configuration list for PBXNativeTarget "Memory match" */ = {
			isa = XCConfigurationList;
			buildConfigurations = (
				CE31AAED2BE533CA00AFFBBA /* Debug */,
				CE31AAEE2BE533CA00AFFBBA /* Release */,
			);
			defaultConfigurationIsVisible = 0;
			defaultConfigurationName = Release;
		};
/* End XCConfigurationList section */
	};
	rootObject = CE31AAD02BE533BE00AFFBBA /* Project object */;
}
